
Microsoft Visual Studio Solution File, Format Version 12.00
# Visual Studio 2012
Project("{FAE04EC0-301F-11D3-BF4B-00C04F79EFBC}") = "Redirector.Tests", "src\Redirector.Tests\Redirector.Tests.csproj", "{59B4EB5E-9ACC-4801-865D-59BE2DD97D49}"
EndProject
Project("{FAE04EC0-301F-11D3-BF4B-00C04F79EFBC}") = "Redirector.Tests.Acceptance", "src\Redirector.Tests.Acceptance\Redirector.Tests.Acceptance.csproj", "{A54DF041-CDD9-42B9-A541-B16414F623CE}"
EndProject
Global
	GlobalSection(SolutionConfigurationPlatforms) = preSolution
		Debug|Any CPU = Debug|Any CPU
		Release|Any CPU = Release|Any CPU
	EndGlobalSection
	GlobalSection(ProjectConfigurationPlatforms) = postSolution
		{59B4EB5E-9ACC-4801-865D-59BE2DD97D49}.Debug|Any CPU.ActiveCfg = Debug|Any CPU
		{59B4EB5E-9ACC-4801-865D-59BE2DD97D49}.Debug|Any CPU.Build.0 = Debug|Any CPU
		{59B4EB5E-9ACC-4801-865D-59BE2DD97D49}.Release|Any CPU.ActiveCfg = Release|Any CPU
		{59B4EB5E-9ACC-4801-865D-59BE2DD97D49}.Release|Any CPU.Build.0 = Release|Any CPU
		{A54DF041-CDD9-42B9-A541-B16414F623CE}.Debug|Any CPU.ActiveCfg = Debug|Any CPU
		{A54DF041-CDD9-42B9-A541-B16414F623CE}.Debug|Any CPU.Build.0 = Debug|Any CPU
		{A54DF041-CDD9-42B9-A541-B16414F623CE}.Release|Any CPU.ActiveCfg = Release|Any CPU
		{A54DF041-CDD9-42B9-A541-B16414F623CE}.Release|Any CPU.Build.0 = Release|Any CPU
	EndGlobalSection
	GlobalSection(SolutionProperties) = preSolution
		HideSolutionNode = FALSE
	EndGlobalSection
EndGlobal
